// !$*UTF8*$!
{
	archiveVersion = 1;
	classes = {
	};
	objectVersion = 50;
	objects = {

/* Begin PBXBuildFile section */
		975A04DE217C333900F2FD80 /* AppDelegate.swift in Sources */ = {isa = PBXBuildFile; fileRef = 975A04DD217C333900F2FD80 /* AppDelegate.swift */; };
		975A04E0217C333900F2FD80 /* ViewController.swift in Sources */ = {isa = PBXBuildFile; fileRef = 975A04DF217C333900F2FD80 /* ViewController.swift */; };
		975A04E3217C333900F2FD80 /* Main.storyboard in Resources */ = {isa = PBXBuildFile; fileRef = 975A04E1217C333900F2FD80 /* Main.storyboard */; };
		975A04E5217C333C00F2FD80 /* Assets.xcassets in Resources */ = {isa = PBXBuildFile; fileRef = 975A04E4217C333C00F2FD80 /* Assets.xcassets */; };
		975A04E8217C333C00F2FD80 /* LaunchScreen.storyboard in Resources */ = {isa = PBXBuildFile; fileRef = 975A04E6217C333C00F2FD80 /* LaunchScreen.storyboard */; };
/* End PBXBuildFile section */

/* Begin PBXFileReference section */
		975A04DA217C333900F2FD80 /* TableViewTeamApp.app */ = {isa = PBXFileReference; explicitFileType = wrapper.application; includeInIndex = 0; path = TableViewTeamApp.app; sourceTree = BUILT_PRODUCTS_DIR; };
		975A04DD217C333900F2FD80 /* AppDelegate.swift */ = {isa = PBXFileReference; lastKnownFileType = sourcecode.swift; path = AppDelegate.swift; sourceTree = "<group>"; };
		975A04DF217C333900F2FD80 /* ViewController.swift */ = {isa = PBXFileReference; lastKnownFileType = sourcecode.swift; path = ViewController.swift; sourceTree = "<group>"; };
		975A04E2217C333900F2FD80 /* Base */ = {isa = PBXFileReference; lastKnownFileType = file.storyboard; name = Base; path = Base.lproj/Main.storyboard; sourceTree = "<group>"; };
		975A04E4217C333C00F2FD80 /* Assets.xcassets */ = {isa = PBXFileReference; lastKnownFileType = folder.assetcatalog; path = Assets.xcassets; sourceTree = "<group>"; };
		975A04E7217C333C00F2FD80 /* Base */ = {isa = PBXFileReference; lastKnownFileType = file.storyboard; name = Base; path = Base.lproj/LaunchScreen.storyboard; sourceTree = "<group>"; };
		975A04E9217C333C00F2FD80 /* Info.plist */ = {isa = PBXFileReference; lastKnownFileType = text.plist.xml; path = Info.plist; sourceTree = "<group>"; };
/* End PBXFileReference section */

/* Begin PBXFrameworksBuildPhase section */
		975A04D7217C333900F2FD80 /* Frameworks */ = {
			isa = PBXFrameworksBuildPhase;
			buildActionMask = 2147483647;
			files = (
			);
			runOnlyForDeploymentPostprocessing = 0;
		};
/* End PBXFrameworksBuildPhase section */

/* Begin PBXGroup section */
		975A04D1217C333900F2FD80 = {
			isa = PBXGroup;
			children = (
				975A04DC217C333900F2FD80 /* TableViewTeamApp */,
				975A04DB217C333900F2FD80 /* Products */,
			);
			sourceTree = "<group>";
		};
		975A04DB217C333900F2FD80 /* Products */ = {
			isa = PBXGroup;
			children = (
				975A04DA217C333900F2FD80 /* TableViewTeamApp.app */,
			);
			name = Products;
			sourceTree = "<group>";
		};
		975A04DC217C333900F2FD80 /* TableViewTeamApp */ = {
			isa = PBXGroup;
			children = (
				975A04DD217C333900F2FD80 /* AppDelegate.swift */,
				975A04DF217C333900F2FD80 /* ViewController.swift */,
				975A04E1217C333900F2FD80 /* Main.storyboard */,
				975A04E4217C333C00F2FD80 /* Assets.xcassets */,
				975A04E6217C333C00F2FD80 /* LaunchScreen.storyboard */,
				975A04E9217C333C00F2FD80 /* Info.plist */,
			);
			path = TableViewTeamApp;
			sourceTree = "<group>";
		};
/* End PBXGroup section */

/* Begin PBXNativeTarget section */
		975A04D9217C333900F2FD80 /* TableViewTeamApp */ = {
			isa = PBXNativeTarget;
			buildConfigurationList = 975A04EC217C333C00F2FD80 /* Build configuration list for PBXNativeTarget "TableViewTeamApp" */;
			buildPhases = (
				975A04D6217C333900F2FD80 /* Sources */,
				975A04D7217C333900F2FD80 /* Frameworks */,
				975A04D8217C333900F2FD80 /* Resources */,
			);
			buildRules = (
			);
			dependencies = (
			);
			name = TableViewTeamApp;
			productName = TableViewTeamApp;
			productReference = 975A04DA217C333900F2FD80 /* TableViewTeamApp.app */;
			productType = "com.apple.product-type.application";
		};
/* End PBXNativeTarget section */

/* Begin PBXProject section */
		975A04D2217C333900F2FD80 /* Project object */ = {
			isa = PBXProject;
			attributes = {
				LastSwiftUpdateCheck = 1000;
				LastUpgradeCheck = 1000;
				ORGANIZATIONNAME = "内田翔悟";
				TargetAttributes = {
					975A04D9217C333900F2FD80 = {
						CreatedOnToolsVersion = 10.0;
					};
				};
			};
			buildConfigurationList = 975A04D5217C333900F2FD80 /* Build configuration list for PBXProject "TableViewTeamApp" */;
			compatibilityVersion = "Xcode 9.3";
			developmentRegion = en;
			hasScannedForEncodings = 0;
			knownRegions = (
				en,
				Base,
			);
			mainGroup = 975A04D1217C333900F2FD80;
			productRefGroup = 975A04DB217C333900F2FD80 /* Products */;
			projectDirPath = "";
			projectRoot = "";
			targets = (
				975A04D9217C333900F2FD80 /* TableViewTeamApp */,
			);
		};
/* End PBXProject section */

/* Begin PBXResourcesBuildPhase section */
		975A04D8217C333900F2FD80 /* Resources */ = {
			isa = PBXResourcesBuildPhase;
			buildActionMask = 2147483647;
			files = (
				975A04E8217C333C00F2FD80 /* LaunchScreen.storyboard in Resources */,
				975A04E5217C333C00F2FD80 /* Assets.xcassets in Resources */,
				975A04E3217C333900F2FD80 /* Main.storyboard in Resources */,
			);
			runOnlyForDeploymentPostprocessing = 0;
		};
/* End PBXResourcesBuildPhase section */

/* Begin PBXSourcesBuildPhase section */
		975A04D6217C333900F2FD80 /* Sources */ = {
			isa = PBXSourcesBuildPhase;
			buildActionMask = 2147483647;
			files = (
				975A04E0217C333900F2FD80 /* ViewController.swift in Sources */,
				975A04DE217C333900F2FD80 /* AppDelegate.swift in Sources */,
			);
			runOnlyForDeploymentPostprocessing = 0;
		};
/* End PBXSourcesBuildPhase section */

/* Begin PBXVariantGroup section */
		975A04E1217C333900F2FD80 /* Main.storyboard */ = {
			isa = PBXVariantGroup;
			children = (
				975A04E2217C333900F2FD80 /* Base */,
			);
			name = Main.storyboard;
			sourceTree = "<group>";
		};
		975A04E6217C333C00F2FD80 /* LaunchScreen.storyboard */ = {
			isa = PBXVariantGroup;
			children = (
				975A04E7217C333C00F2FD80 /* Base */,
			);
			name = LaunchScreen.storyboard;
			sourceTree = "<group>";
		};
/* End PBXVariantGroup section */

/* Begin XCBuildConfiguration section */
		975A04EA217C333C00F2FD80 /* Debug */ = {
			isa = XCBuildConfiguration;
			buildSettings = {
				ALWAYS_SEARCH_USER_PATHS = NO;
				CLANG_ANALYZER_NONNULL = YES;
				CLANG_ANALYZER_NUMBER_OBJECT_CONVERSION = YES_AGGRESSIVE;
				CLANG_CXX_LANGUAGE_STANDARD = "gnu++14";
				CLANG_CXX_LIBRARY = "libc++";
				CLANG_ENABLE_MODULES = YES;
				CLANG_ENABLE_OBJC_ARC = YES;
				CLANG_ENABLE_OBJC_WEAK = YES;
				CLANG_WARN_BLOCK_CAPTURE_AUTORELEASING = YES;
				CLANG_WARN_BOOL_CONVERSION = YES;
				CLANG_WARN_COMMA = YES;
				CLANG_WARN_CONSTANT_CONVERSION = YES;
				CLANG_WARN_DEPRECATED_OBJC_IMPLEMENTATIONS = YES;
				CLANG_WARN_DIRECT_OBJC_ISA_USAGE = YES_ERROR;
				CLANG_WARN_DOCUMENTATION_COMMENTS = YES;
				CLANG_WARN_EMPTY_BODY = YES;
				CLANG_WARN_ENUM_CONVERSION = YES;
				CLANG_WARN_INFINITE_RECURSION = YES;
				CLANG_WARN_INT_CONVERSION = YES;
				CLANG_WARN_NON_LITERAL_NULL_CONVERSION = YES;
				CLANG_WARN_OBJC_IMPLICIT_RETAIN_SELF = YES;
				CLANG_WARN_OBJC_LITERAL_CONVERSION = YES;
				CLANG_WARN_OBJC_ROOT_CLASS = YES_ERROR;
				CLANG_WARN_RANGE_LOOP_ANALYSIS = YES;
				CLANG_WARN_STRICT_PROTOTYPES = YES;
				CLANG_WARN_SUSPICIOUS_MOVE = YES;
				CLANG_WARN_UNGUARDED_AVAILABILITY = YES_AGGRESSIVE;
				CLANG_WARN_UNREACHABLE_CODE = YES;
				CLANG_WARN__DUPLICATE_METHOD_MATCH = YES;
				CODE_SIGN_IDENTITY = "iPhone Developer";
				COPY_PHASE_STRIP = NO;
				DEBUG_INFORMATION_FORMAT = dwarf;
				ENABLE_STRICT_OBJC_MSGSEND = YES;
				ENABLE_TESTABILITY = YES;
				GCC_C_LANGUAGE_STANDARD = gnu11;
				GCC_DYNAMIC_NO_PIC = NO;
				GCC_NO_COMMON_BLOCKS = YES;
				GCC_OPTIMIZATION_LEVEL = 0;
				GCC_PREPROCESSOR_DEFINITIONS = (
					"DEBUG=1",
					"$(inherited)",
				);
				GCC_WARN_64_TO_32_BIT_CONVERSION = YES;
				GCC_WARN_ABOUT_RETURN_TYPE = YES_ERROR;
				GCC_WARN_UNDECLARED_SELECTOR = YES;
				GCC_WARN_UNINITIALIZED_AUTOS = YES_AGGRESSIVE;
				GCC_WARN_UNUSED_FUNCTION = YES;
				GCC_WARN_UNUSED_VARIABLE = YES;
				IPHONEOS_DEPLOYMENT_TARGET = 12.0;
				MTL_ENABLE_DEBUG_INFO = INCLUDE_SOURCE;
				MTL_FAST_MATH = YES;
				ONLY_ACTIVE_ARCH = YES;
				SDKROOT = iphoneos;
				SWIFT_ACTIVE_COMPILATION_CONDITIONS = DEBUG;
				SWIFT_OPTIMIZATION_LEVEL = "-Onone";
			};
			name = Debug;
		};
		975A04EB217C333C00F2FD80 /* Release */ = {
			isa = XCBuildConfiguration;
			buildSettings = {
				ALWAYS_SEARCH_USER_PATHS = NO;
				CLANG_ANALYZER_NONNULL = YES;
				CLANG_ANALYZER_NUMBER_OBJECT_CONVERSION = YES_AGGRESSIVE;
				CLANG_CXX_LANGUAGE_STANDARD = "gnu++14";
				CLANG_CXX_LIBRARY = "libc++";
				CLANG_ENABLE_MODULES = YES;
				CLANG_ENABLE_OBJC_ARC = YES;
				CLANG_ENABLE_OBJC_WEAK = YES;
				CLANG_WARN_BLOCK_CAPTURE_AUTORELEASING = YES;
				CLANG_WARN_BOOL_CONVERSION = YES;
				CLANG_WARN_COMMA = YES;
				CLANG_WARN_CONSTANT_CONVERSION = YES;
				CLANG_WARN_DEPRECATED_OBJC_IMPLEMENTATIONS = YES;
				CLANG_WARN_DIRECT_OBJC_ISA_USAGE = YES_ERROR;
				CLANG_WARN_DOCUMENTATION_COMMENTS = YES;
				CLANG_WARN_EMPTY_BODY = YES;
				CLANG_WARN_ENUM_CONVERSION = YES;
				CLANG_WARN_INFINITE_RECURSION = YES;
				CLANG_WARN_INT_CONVERSION = YES;
				CLANG_WARN_NON_LITERAL_NULL_CONVERSION = YES;
				CLANG_WARN_OBJC_IMPLICIT_RETAIN_SELF = YES;
				CLANG_WARN_OBJC_LITERAL_CONVERSION = YES;
				CLANG_WARN_OBJC_ROOT_CLASS = YES_ERROR;
				CLANG_WARN_RANGE_LOOP_ANALYSIS = YES;
				CLANG_WARN_STRICT_PROTOTYPES = YES;
				CLANG_WARN_SUSPICIOUS_MOVE = YES;
				CLANG_WARN_UNGUARDED_AVAILABILITY = YES_AGGRESSIVE;
				CLANG_WARN_UNREACHABLE_CODE = YES;
				CLANG_WARN__DUPLICATE_METHOD_MATCH = YES;
				CODE_SIGN_IDENTITY = "iPhone Developer";
				COPY_PHASE_STRIP = NO;
				DEBUG_INFORMATION_FORMAT = "dwarf-with-dsym";
				ENABLE_NS_ASSERTIONS = NO;
				ENABLE_STRICT_OBJC_MSGSEND = YES;
				GCC_C_LANGUAGE_STANDARD = gnu11;
				GCC_NO_COMMON_BLOCKS = YES;
				GCC_WARN_64_TO_32_BIT_CONVERSION = YES;
				GCC_WARN_ABOUT_RETURN_TYPE = YES_ERROR;
				GCC_WARN_UNDECLARED_SELECTOR = YES;
				GCC_WARN_UNINITIALIZED_AUTOS = YES_AGGRESSIVE;
				GCC_WARN_UNUSED_FUNCTION = YES;
				GCC_WARN_UNUSED_VARIABLE = YES;
				IPHONEOS_DEPLOYMENT_TARGET = 12.0;
				MTL_ENABLE_DEBUG_INFO = NO;
				MTL_FAST_MATH = YES;
				SDKROOT = iphoneos;
				SWIFT_COMPILATION_MODE = wholemodule;
				SWIFT_OPTIMIZATION_LEVEL = "-O";
				VALIDATE_PRODUCT = YES;
			};
			name = Release;
		};
		975A04ED217C333C00F2FD80 /* Debug */ = {
			isa = XCBuildConfiguration;
			buildSettings = {
				ASSETCATALOG_COMPILER_APPICON_NAME = AppIcon;
				CODE_SIGN_STYLE = Automatic;
				DEVELOPMENT_TEAM = 4CX49P5WBB;
				INFOPLIST_FILE = TableViewTeamApp/Info.plist;
				LD_RUNPATH_SEARCH_PATHS = (
					"$(inherited)",
					"@executable_path/Frameworks",
				);
				PRODUCT_BUNDLE_IDENTIFIER = Shogo.TableViewTeamApp;
				PRODUCT_NAME = "$(TARGET_NAME)";
				SWIFT_VERSION = 4.2;
				TARGETED_DEVICE_FAMILY = "1,2";
			};
			name = Debug;
		};
		975A04EE217C333C00F2FD80 /* Release */ = {
			isa = XCBuildConfiguration;
			buildSettings = {
				ASSETCATALOG_COMPILER_APPICON_NAME = AppIcon;
				CODE_SIGN_STYLE = Automatic;
				DEVELOPMENT_TEAM = 4CX49P5WBB;
				INFOPLIST_FILE = TableViewTeamApp/Info.plist;
				LD_RUNPATH_SEARCH_PATHS = (
					"$(inherited)",
					"@executable_path/Frameworks",
				);
				PRODUCT_BUNDLE_IDENTIFIER = Shogo.TableViewTeamApp;
				PRODUCT_NAME = "$(TARGET_NAME)";
				SWIFT_VERSION = 4.2;
				TARGETED_DEVICE_FAMILY = "1,2";
			};
			name = Release;
		};
/* End XCBuildConfiguration section */

/* Begin XCConfigurationList section */
		975A04D5217C333900F2FD80 /* Build configuration list for PBXProject "TableViewTeamApp" */ = {
			isa = XCConfigurationList;
			buildConfigurations = (
				975A04EA217C333C00F2FD80 /* Debug */,
				975A04EB217C333C00F2FD80 /* Release */,
			);
			defaultConfigurationIsVisible = 0;
			defaultConfigurationName = Release;
		};
		975A04EC217C333C00F2FD80 /* Build configuration list for PBXNativeTarget "TableViewTeamApp" */ = {
			isa = XCConfigurationList;
			buildConfigurations = (
				975A04ED217C333C00F2FD80 /* Debug */,
				975A04EE217C333C00F2FD80 /* Release */,
			);
			defaultConfigurationIsVisible = 0;
			defaultConfigurationName = Release;
		};
/* End XCConfigurationList section */
	};
	rootObject = 975A04D2217C333900F2FD80 /* Project object */;
}
